// !$*UTF8*$!
{
	archiveVersion = 1;
	classes = {
	};
	objectVersion = 46;
	objects = {

/* Begin PBXBuildFile section */
		0C0B89481D90327100251B7C /* main.m in Sources */ = {isa = PBXBuildFile; fileRef = 0C0B89471D90327100251B7C /* main.m */; };
		0C0B894B1D90327100251B7C /* AppDelegate.m in Sources */ = {isa = PBXBuildFile; fileRef = 0C0B894A1D90327100251B7C /* AppDelegate.m */; };
		0C0B894E1D90327100251B7C /* SplashViewController.m in Sources */ = {isa = PBXBuildFile; fileRef = 0C0B894D1D90327100251B7C /* SplashViewController.m */; };
		0C0B89531D90327200251B7C /* Assets.xcassets in Resources */ = {isa = PBXBuildFile; fileRef = 0C0B89521D90327200251B7C /* Assets.xcassets */; };
		0C0B89561D90327200251B7C /* LaunchScreen.storyboard in Resources */ = {isa = PBXBuildFile; fileRef = 0C0B89541D90327200251B7C /* LaunchScreen.storyboard */; };
		0C0B89611D90327200251B7C /* FashionStoreObjCTests.m in Sources */ = {isa = PBXBuildFile; fileRef = 0C0B89601D90327200251B7C /* FashionStoreObjCTests.m */; };
		0C0B896C1D90327300251B7C /* FashionStoreObjCUITests.m in Sources */ = {isa = PBXBuildFile; fileRef = 0C0B896B1D90327300251B7C /* FashionStoreObjCUITests.m */; };
		0C0B89801D9049E500251B7C /* Lato-Regular.ttf in Resources */ = {isa = PBXBuildFile; fileRef = 0C0B897C1D9049E500251B7C /* Lato-Regular.ttf */; };
		0C0B89811D9049E500251B7C /* Lato-Bold.ttf in Resources */ = {isa = PBXBuildFile; fileRef = 0C0B897D1D9049E500251B7C /* Lato-Bold.ttf */; };
		0C0B89821D9049E500251B7C /* Lato-Light.ttf in Resources */ = {isa = PBXBuildFile; fileRef = 0C0B897E1D9049E500251B7C /* Lato-Light.ttf */; };
		0C0B89831D9049E500251B7C /* Lato-Medium.ttf in Resources */ = {isa = PBXBuildFile; fileRef = 0C0B897F1D9049E500251B7C /* Lato-Medium.ttf */; };
		0C3AD5431D925C5200BEAA97 /* ShopCollectionViewCell.m in Sources */ = {isa = PBXBuildFile; fileRef = 0C3AD5421D925C5200BEAA97 /* ShopCollectionViewCell.m */; };
		0C3AD5471D9265FD00BEAA97 /* Product.m in Sources */ = {isa = PBXBuildFile; fileRef = 0C3AD5461D9265FD00BEAA97 /* Product.m */; };
		0C559E6B1D918D3F00E8F2C0 /* ShopViewController.m in Sources */ = {isa = PBXBuildFile; fileRef = 0C559E6A1D918D3F00E8F2C0 /* ShopViewController.m */; };
		0C559E701D91906E00E8F2C0 /* LeftShopViewController.m in Sources */ = {isa = PBXBuildFile; fileRef = 0C559E6F1D91906E00E8F2C0 /* LeftShopViewController.m */; };
		0C559E731D91908400E8F2C0 /* RightShopViewController.m in Sources */ = {isa = PBXBuildFile; fileRef = 0C559E721D91908400E8F2C0 /* RightShopViewController.m */; };
		0C7061A51D90D68C003B6D42 /* FeaturedViewController.m in Sources */ = {isa = PBXBuildFile; fileRef = 0C7061A41D90D68C003B6D42 /* FeaturedViewController.m */; };
		0C7061A81D90E383003B6D42 /* FeaturedTableViewCell.m in Sources */ = {isa = PBXBuildFile; fileRef = 0C7061A71D90E383003B6D42 /* FeaturedTableViewCell.m */; };
		6E302A3D304B8D9AC5E634D9 /* libPods-FashionStoreObjCTests.a in Frameworks */ = {isa = PBXBuildFile; fileRef = D106C93578A32E801864F959 /* libPods-FashionStoreObjCTests.a */; };
		764F236829FF4771C45F4AC4 /* libPods-FashionStoreObjCUITests.a in Frameworks */ = {isa = PBXBuildFile; fileRef = EE0718E500ADC09A974C03C1 /* libPods-FashionStoreObjCUITests.a */; };
		83FAF757B16A17BCDCCDDA99 /* libPods-FashionStoreObjC.a in Frameworks */ = {isa = PBXBuildFile; fileRef = 12A7F57ED8C2859D0F817A6C /* libPods-FashionStoreObjC.a */; };
/* End PBXBuildFile section */

/* Begin PBXContainerItemProxy section */
		0C0B895D1D90327200251B7C /* PBXContainerItemProxy */ = {
			isa = PBXContainerItemProxy;
			containerPortal = 0C0B893B1D90327100251B7C /* Project object */;
			proxyType = 1;
			remoteGlobalIDString = 0C0B89421D90327100251B7C;
			remoteInfo = FashionStoreObjC;
		};
		0C0B89681D90327300251B7C /* PBXContainerItemProxy */ = {
			isa = PBXContainerItemProxy;
			containerPortal = 0C0B893B1D90327100251B7C /* Project object */;
			proxyType = 1;
			remoteGlobalIDString = 0C0B89421D90327100251B7C;
			remoteInfo = FashionStoreObjC;
		};
/* End PBXContainerItemProxy section */

/* Begin PBXFileReference section */
		0C0B89431D90327100251B7C /* FashionStoreObjC.app */ = {isa = PBXFileReference; explicitFileType = wrapper.application; includeInIndex = 0; path = FashionStoreObjC.app; sourceTree = BUILT_PRODUCTS_DIR; };
		0C0B89471D90327100251B7C /* main.m */ = {isa = PBXFileReference; lastKnownFileType = sourcecode.c.objc; path = main.m; sourceTree = "<group>"; };
		0C0B89491D90327100251B7C /* AppDelegate.h */ = {isa = PBXFileReference; lastKnownFileType = sourcecode.c.h; path = AppDelegate.h; sourceTree = "<group>"; };
		0C0B894A1D90327100251B7C /* AppDelegate.m */ = {isa = PBXFileReference; lastKnownFileType = sourcecode.c.objc; path = AppDelegate.m; sourceTree = "<group>"; };
		0C0B894C1D90327100251B7C /* SplashViewController.h */ = {isa = PBXFileReference; lastKnownFileType = sourcecode.c.h; path = SplashViewController.h; sourceTree = "<group>"; };
		0C0B894D1D90327100251B7C /* SplashViewController.m */ = {isa = PBXFileReference; lastKnownFileType = sourcecode.c.objc; path = SplashViewController.m; sourceTree = "<group>"; };
		0C0B89521D90327200251B7C /* Assets.xcassets */ = {isa = PBXFileReference; lastKnownFileType = folder.assetcatalog; path = Assets.xcassets; sourceTree = "<group>"; };
		0C0B89551D90327200251B7C /* Base */ = {isa = PBXFileReference; lastKnownFileType = file.storyboard; name = Base; path = Base.lproj/LaunchScreen.storyboard; sourceTree = "<group>"; };
		0C0B89571D90327200251B7C /* Info.plist */ = {isa = PBXFileReference; lastKnownFileType = text.plist.xml; path = Info.plist; sourceTree = "<group>"; };
		0C0B895C1D90327200251B7C /* FashionStoreObjCTests.xctest */ = {isa = PBXFileReference; explicitFileType = wrapper.cfbundle; includeInIndex = 0; path = FashionStoreObjCTests.xctest; sourceTree = BUILT_PRODUCTS_DIR; };
		0C0B89601D90327200251B7C /* FashionStoreObjCTests.m */ = {isa = PBXFileReference; lastKnownFileType = sourcecode.c.objc; path = FashionStoreObjCTests.m; sourceTree = "<group>"; };
		0C0B89621D90327300251B7C /* Info.plist */ = {isa = PBXFileReference; lastKnownFileType = text.plist.xml; path = Info.plist; sourceTree = "<group>"; };
		0C0B89671D90327300251B7C /* FashionStoreObjCUITests.xctest */ = {isa = PBXFileReference; explicitFileType = wrapper.cfbundle; includeInIndex = 0; path = FashionStoreObjCUITests.xctest; sourceTree = BUILT_PRODUCTS_DIR; };
		0C0B896B1D90327300251B7C /* FashionStoreObjCUITests.m */ = {isa = PBXFileReference; lastKnownFileType = sourcecode.c.objc; path = FashionStoreObjCUITests.m; sourceTree = "<group>"; };
		0C0B896D1D90327300251B7C /* Info.plist */ = {isa = PBXFileReference; lastKnownFileType = text.plist.xml; path = Info.plist; sourceTree = "<group>"; };
		0C0B897C1D9049E500251B7C /* Lato-Regular.ttf */ = {isa = PBXFileReference; lastKnownFileType = file; path = "Lato-Regular.ttf"; sourceTree = "<group>"; };
		0C0B897D1D9049E500251B7C /* Lato-Bold.ttf */ = {isa = PBXFileReference; lastKnownFileType = file; path = "Lato-Bold.ttf"; sourceTree = "<group>"; };
		0C0B897E1D9049E500251B7C /* Lato-Light.ttf */ = {isa = PBXFileReference; lastKnownFileType = file; path = "Lato-Light.ttf"; sourceTree = "<group>"; };
		0C0B897F1D9049E500251B7C /* Lato-Medium.ttf */ = {isa = PBXFileReference; lastKnownFileType = file; path = "Lato-Medium.ttf"; sourceTree = "<group>"; };
		0C3AD5411D925C5200BEAA97 /* ShopCollectionViewCell.h */ = {isa = PBXFileReference; fileEncoding = 4; lastKnownFileType = sourcecode.c.h; path = ShopCollectionViewCell.h; sourceTree = "<group>"; };
		0C3AD5421D925C5200BEAA97 /* ShopCollectionViewCell.m */ = {isa = PBXFileReference; fileEncoding = 4; lastKnownFileType = sourcecode.c.objc; path = ShopCollectionViewCell.m; sourceTree = "<group>"; };
		0C3AD5451D9265FD00BEAA97 /* Product.h */ = {isa = PBXFileReference; fileEncoding = 4; lastKnownFileType = sourcecode.c.h; path = Product.h; sourceTree = "<group>"; };
		0C3AD5461D9265FD00BEAA97 /* Product.m */ = {isa = PBXFileReference; fileEncoding = 4; lastKnownFileType = sourcecode.c.objc; path = Product.m; sourceTree = "<group>"; };
		0C559E691D918D3F00E8F2C0 /* ShopViewController.h */ = {isa = PBXFileReference; fileEncoding = 4; lastKnownFileType = sourcecode.c.h; path = ShopViewController.h; sourceTree = "<group>"; };
		0C559E6A1D918D3F00E8F2C0 /* ShopViewController.m */ = {isa = PBXFileReference; fileEncoding = 4; lastKnownFileType = sourcecode.c.objc; path = ShopViewController.m; sourceTree = "<group>"; };
		0C559E6E1D91906E00E8F2C0 /* LeftShopViewController.h */ = {isa = PBXFileReference; fileEncoding = 4; lastKnownFileType = sourcecode.c.h; path = LeftShopViewController.h; sourceTree = "<group>"; };
		0C559E6F1D91906E00E8F2C0 /* LeftShopViewController.m */ = {isa = PBXFileReference; fileEncoding = 4; lastKnownFileType = sourcecode.c.objc; path = LeftShopViewController.m; sourceTree = "<group>"; };
		0C559E711D91908400E8F2C0 /* RightShopViewController.h */ = {isa = PBXFileReference; fileEncoding = 4; lastKnownFileType = sourcecode.c.h; path = RightShopViewController.h; sourceTree = "<group>"; };
		0C559E721D91908400E8F2C0 /* RightShopViewController.m */ = {isa = PBXFileReference; fileEncoding = 4; lastKnownFileType = sourcecode.c.objc; path = RightShopViewController.m; sourceTree = "<group>"; };
		0C7061A31D90D68C003B6D42 /* FeaturedViewController.h */ = {isa = PBXFileReference; fileEncoding = 4; lastKnownFileType = sourcecode.c.h; path = FeaturedViewController.h; sourceTree = "<group>"; };
		0C7061A41D90D68C003B6D42 /* FeaturedViewController.m */ = {isa = PBXFileReference; fileEncoding = 4; lastKnownFileType = sourcecode.c.objc; path = FeaturedViewController.m; sourceTree = "<group>"; };
		0C7061A61D90E383003B6D42 /* FeaturedTableViewCell.h */ = {isa = PBXFileReference; fileEncoding = 4; lastKnownFileType = sourcecode.c.h; path = FeaturedTableViewCell.h; sourceTree = "<group>"; };
		0C7061A71D90E383003B6D42 /* FeaturedTableViewCell.m */ = {isa = PBXFileReference; fileEncoding = 4; lastKnownFileType = sourcecode.c.objc; path = FeaturedTableViewCell.m; sourceTree = "<group>"; };
		12A7F57ED8C2859D0F817A6C /* libPods-FashionStoreObjC.a */ = {isa = PBXFileReference; explicitFileType = archive.ar; includeInIndex = 0; path = "libPods-FashionStoreObjC.a"; sourceTree = BUILT_PRODUCTS_DIR; };
		192A5A92E337F1EC2DB9F4F0 /* Pods-FashionStoreObjCUITests.debug.xcconfig */ = {isa = PBXFileReference; includeInIndex = 1; lastKnownFileType = text.xcconfig; name = "Pods-FashionStoreObjCUITests.debug.xcconfig"; path = "Pods/Target Support Files/Pods-FashionStoreObjCUITests/Pods-FashionStoreObjCUITests.debug.xcconfig"; sourceTree = "<group>"; };
		1E87208712A8FBBD80DC8572 /* Pods-FashionStoreObjCTests.release.xcconfig */ = {isa = PBXFileReference; includeInIndex = 1; lastKnownFileType = text.xcconfig; name = "Pods-FashionStoreObjCTests.release.xcconfig"; path = "Pods/Target Support Files/Pods-FashionStoreObjCTests/Pods-FashionStoreObjCTests.release.xcconfig"; sourceTree = "<group>"; };
		5BA7E6BB2BD6DFBBBA7137B4 /* Pods-FashionStoreObjCUITests.release.xcconfig */ = {isa = PBXFileReference; includeInIndex = 1; lastKnownFileType = text.xcconfig; name = "Pods-FashionStoreObjCUITests.release.xcconfig"; path = "Pods/Target Support Files/Pods-FashionStoreObjCUITests/Pods-FashionStoreObjCUITests.release.xcconfig"; sourceTree = "<group>"; };
		9D0A30E82385361891270469 /* Pods-FashionStoreObjCTests.debug.xcconfig */ = {isa = PBXFileReference; includeInIndex = 1; lastKnownFileType = text.xcconfig; name = "Pods-FashionStoreObjCTests.debug.xcconfig"; path = "Pods/Target Support Files/Pods-FashionStoreObjCTests/Pods-FashionStoreObjCTests.debug.xcconfig"; sourceTree = "<group>"; };
		9FBEFBB51D9EECC3AF5F8305 /* Pods-FashionStoreObjC.release.xcconfig */ = {isa = PBXFileReference; includeInIndex = 1; lastKnownFileType = text.xcconfig; name = "Pods-FashionStoreObjC.release.xcconfig"; path = "Pods/Target Support Files/Pods-FashionStoreObjC/Pods-FashionStoreObjC.release.xcconfig"; sourceTree = "<group>"; };
		C632C8D191819C5D1E1E1D9F /* Pods-FashionStoreObjC.debug.xcconfig */ = {isa = PBXFileReference; includeInIndex = 1; lastKnownFileType = text.xcconfig; name = "Pods-FashionStoreObjC.debug.xcconfig"; path = "Pods/Target Support Files/Pods-FashionStoreObjC/Pods-FashionStoreObjC.debug.xcconfig"; sourceTree = "<group>"; };
		D106C93578A32E801864F959 /* libPods-FashionStoreObjCTests.a */ = {isa = PBXFileReference; explicitFileType = archive.ar; includeInIndex = 0; path = "libPods-FashionStoreObjCTests.a"; sourceTree = BUILT_PRODUCTS_DIR; };
		EE0718E500ADC09A974C03C1 /* libPods-FashionStoreObjCUITests.a */ = {isa = PBXFileReference; explicitFileType = archive.ar; includeInIndex = 0; path = "libPods-FashionStoreObjCUITests.a"; sourceTree = BUILT_PRODUCTS_DIR; };
/* End PBXFileReference section */

/* Begin PBXFrameworksBuildPhase section */
		0C0B89401D90327100251B7C /* Frameworks */ = {
			isa = PBXFrameworksBuildPhase;
			buildActionMask = 2147483647;
			files = (
				83FAF757B16A17BCDCCDDA99 /* libPods-FashionStoreObjC.a in Frameworks */,
			);
			runOnlyForDeploymentPostprocessing = 0;
		};
		0C0B89591D90327200251B7C /* Frameworks */ = {
			isa = PBXFrameworksBuildPhase;
			buildActionMask = 2147483647;
			files = (
				6E302A3D304B8D9AC5E634D9 /* libPods-FashionStoreObjCTests.a in Frameworks */,
			);
			runOnlyForDeploymentPostprocessing = 0;
		};
		0C0B89641D90327300251B7C /* Frameworks */ = {
			isa = PBXFrameworksBuildPhase;
			buildActionMask = 2147483647;
			files = (
				764F236829FF4771C45F4AC4 /* libPods-FashionStoreObjCUITests.a in Frameworks */,
			);
			runOnlyForDeploymentPostprocessing = 0;
		};
/* End PBXFrameworksBuildPhase section */

/* Begin PBXGroup section */
		0C0B893A1D90327100251B7C = {
			isa = PBXGroup;
			children = (
				0C0B89451D90327100251B7C /* FashionStoreObjC */,
				0C0B895F1D90327200251B7C /* FashionStoreObjCTests */,
				0C0B896A1D90327300251B7C /* FashionStoreObjCUITests */,
				E5C999E15F009305A84E3960 /* Frameworks */,
				37173992FF3471F2252E5203 /* Pods */,
				0C0B89441D90327100251B7C /* Products */,
			);
			sourceTree = "<group>";
		};
		0C0B89441D90327100251B7C /* Products */ = {
			isa = PBXGroup;
			children = (
				0C0B89431D90327100251B7C /* FashionStoreObjC.app */,
				0C0B895C1D90327200251B7C /* FashionStoreObjCTests.xctest */,
				0C0B89671D90327300251B7C /* FashionStoreObjCUITests.xctest */,
			);
			name = Products;
			sourceTree = "<group>";
		};
		0C0B89451D90327100251B7C /* FashionStoreObjC */ = {
			isa = PBXGroup;
			children = (
				0C3AD5441D9265D900BEAA97 /* Model */,
				0C7061A21D90D618003B6D42 /* FeaturedViewController */,
				0C0B89461D90327100251B7C /* Supporting Files */,
				0C0B89491D90327100251B7C /* AppDelegate.h */,
				0C0B894A1D90327100251B7C /* AppDelegate.m */,
				0C0B894C1D90327100251B7C /* SplashViewController.h */,
				0C0B894D1D90327100251B7C /* SplashViewController.m */,
				0C559E681D918D0100E8F2C0 /* ShopViewController */,
			);
			path = FashionStoreObjC;
			sourceTree = "<group>";
		};
		0C0B89461D90327100251B7C /* Supporting Files */ = {
			isa = PBXGroup;
			children = (
				0C0B89521D90327200251B7C /* Assets.xcassets */,
				0C0B89571D90327200251B7C /* Info.plist */,
				0C0B897D1D9049E500251B7C /* Lato-Bold.ttf */,
				0C0B897E1D9049E500251B7C /* Lato-Light.ttf */,
				0C0B897F1D9049E500251B7C /* Lato-Medium.ttf */,
				0C0B897C1D9049E500251B7C /* Lato-Regular.ttf */,
				0C0B89541D90327200251B7C /* LaunchScreen.storyboard */,
				0C0B89471D90327100251B7C /* main.m */,
			);
			path = "Supporting Files";
			sourceTree = "<group>";
		};
		0C0B895F1D90327200251B7C /* FashionStoreObjCTests */ = {
			isa = PBXGroup;
			children = (
				0C0B89601D90327200251B7C /* FashionStoreObjCTests.m */,
				0C0B89621D90327300251B7C /* Info.plist */,
			);
			path = FashionStoreObjCTests;
			sourceTree = "<group>";
		};
		0C0B896A1D90327300251B7C /* FashionStoreObjCUITests */ = {
			isa = PBXGroup;
			children = (
				0C0B896B1D90327300251B7C /* FashionStoreObjCUITests.m */,
				0C0B896D1D90327300251B7C /* Info.plist */,
			);
			path = FashionStoreObjCUITests;
			sourceTree = "<group>";
		};
		0C3AD5441D9265D900BEAA97 /* Model */ = {
			isa = PBXGroup;
			children = (
				0C3AD5451D9265FD00BEAA97 /* Product.h */,
				0C3AD5461D9265FD00BEAA97 /* Product.m */,
			);
			name = Model;
			sourceTree = "<group>";
		};
		0C559E681D918D0100E8F2C0 /* ShopViewController */ = {
			isa = PBXGroup;
			children = (
				0C559E691D918D3F00E8F2C0 /* ShopViewController.h */,
				0C559E6A1D918D3F00E8F2C0 /* ShopViewController.m */,
				0C3AD5411D925C5200BEAA97 /* ShopCollectionViewCell.h */,
				0C3AD5421D925C5200BEAA97 /* ShopCollectionViewCell.m */,
				0C559E6D1D91905000E8F2C0 /* RightShop */,
				0C559E6C1D91904500E8F2C0 /* LeftShop */,
			);
			name = ShopViewController;
			sourceTree = "<group>";
		};
		0C559E6C1D91904500E8F2C0 /* LeftShop */ = {
			isa = PBXGroup;
			children = (
				0C559E6E1D91906E00E8F2C0 /* LeftShopViewController.h */,
				0C559E6F1D91906E00E8F2C0 /* LeftShopViewController.m */,
			);
			name = LeftShop;
			sourceTree = "<group>";
		};
		0C559E6D1D91905000E8F2C0 /* RightShop */ = {
			isa = PBXGroup;
			children = (
				0C559E711D91908400E8F2C0 /* RightShopViewController.h */,
				0C559E721D91908400E8F2C0 /* RightShopViewController.m */,
			);
			name = RightShop;
			sourceTree = "<group>";
		};
		0C7061A21D90D618003B6D42 /* FeaturedViewController */ = {
			isa = PBXGroup;
			children = (
				0C7061A61D90E383003B6D42 /* FeaturedTableViewCell.h */,
				0C7061A71D90E383003B6D42 /* FeaturedTableViewCell.m */,
				0C7061A31D90D68C003B6D42 /* FeaturedViewController.h */,
				0C7061A41D90D68C003B6D42 /* FeaturedViewController.m */,
			);
			path = FeaturedViewController;
			sourceTree = "<group>";
		};
		37173992FF3471F2252E5203 /* Pods */ = {
			isa = PBXGroup;
			children = (
				C632C8D191819C5D1E1E1D9F /* Pods-FashionStoreObjC.debug.xcconfig */,
				9FBEFBB51D9EECC3AF5F8305 /* Pods-FashionStoreObjC.release.xcconfig */,
				9D0A30E82385361891270469 /* Pods-FashionStoreObjCTests.debug.xcconfig */,
				1E87208712A8FBBD80DC8572 /* Pods-FashionStoreObjCTests.release.xcconfig */,
				192A5A92E337F1EC2DB9F4F0 /* Pods-FashionStoreObjCUITests.debug.xcconfig */,
				5BA7E6BB2BD6DFBBBA7137B4 /* Pods-FashionStoreObjCUITests.release.xcconfig */,
			);
			name = Pods;
			sourceTree = "<group>";
		};
		E5C999E15F009305A84E3960 /* Frameworks */ = {
			isa = PBXGroup;
			children = (
				12A7F57ED8C2859D0F817A6C /* libPods-FashionStoreObjC.a */,
				D106C93578A32E801864F959 /* libPods-FashionStoreObjCTests.a */,
				EE0718E500ADC09A974C03C1 /* libPods-FashionStoreObjCUITests.a */,
			);
			name = Frameworks;
			sourceTree = "<group>";
		};
/* End PBXGroup section */

/* Begin PBXNativeTarget section */
		0C0B89421D90327100251B7C /* FashionStoreObjC */ = {
			isa = PBXNativeTarget;
			buildConfigurationList = 0C0B89701D90327300251B7C /* Build configuration list for PBXNativeTarget "FashionStoreObjC" */;
			buildPhases = (
				16B63D26E4ED93CC334EC23C /* [CP] Check Pods Manifest.lock */,
				0C0B893F1D90327100251B7C /* Sources */,
				0C0B89401D90327100251B7C /* Frameworks */,
				0C0B89411D90327100251B7C /* Resources */,
				E4958B21EEE43EB63405E538 /* [CP] Embed Pods Frameworks */,
				48651A6EB17092D675A10C76 /* [CP] Copy Pods Resources */,
			);
			buildRules = (
			);
			dependencies = (
			);
			name = FashionStoreObjC;
			productName = FashionStoreObjC;
			productReference = 0C0B89431D90327100251B7C /* FashionStoreObjC.app */;
			productType = "com.apple.product-type.application";
		};
		0C0B895B1D90327200251B7C /* FashionStoreObjCTests */ = {
			isa = PBXNativeTarget;
			buildConfigurationList = 0C0B89731D90327300251B7C /* Build configuration list for PBXNativeTarget "FashionStoreObjCTests" */;
			buildPhases = (
				A3FBA9AC02E7799A7E92B945 /* [CP] Check Pods Manifest.lock */,
				0C0B89581D90327200251B7C /* Sources */,
				0C0B89591D90327200251B7C /* Frameworks */,
				0C0B895A1D90327200251B7C /* Resources */,
				45AF706DB7E57534B094CB37 /* [CP] Embed Pods Frameworks */,
				69BCEF63DBA001B9E68092D0 /* [CP] Copy Pods Resources */,
			);
			buildRules = (
			);
			dependencies = (
				0C0B895E1D90327200251B7C /* PBXTargetDependency */,
			);
			name = FashionStoreObjCTests;
			productName = FashionStoreObjCTests;
			productReference = 0C0B895C1D90327200251B7C /* FashionStoreObjCTests.xctest */;
			productType = "com.apple.product-type.bundle.unit-test";
		};
		0C0B89661D90327300251B7C /* FashionStoreObjCUITests */ = {
			isa = PBXNativeTarget;
			buildConfigurationList = 0C0B89761D90327300251B7C /* Build configuration list for PBXNativeTarget "FashionStoreObjCUITests" */;
			buildPhases = (
				ADBE0044100ACCF32217B767 /* [CP] Check Pods Manifest.lock */,
				0C0B89631D90327300251B7C /* Sources */,
				0C0B89641D90327300251B7C /* Frameworks */,
				0C0B89651D90327300251B7C /* Resources */,
				09C08C1DABEDC651C48D64F3 /* [CP] Copy Pods Resources */,
			);
			buildRules = (
			);
			dependencies = (
				0C0B89691D90327300251B7C /* PBXTargetDependency */,
			);
			name = FashionStoreObjCUITests;
			productName = FashionStoreObjCUITests;
			productReference = 0C0B89671D90327300251B7C /* FashionStoreObjCUITests.xctest */;
			productType = "com.apple.product-type.bundle.ui-testing";
		};
/* End PBXNativeTarget section */

/* Begin PBXProject section */
		0C0B893B1D90327100251B7C /* Project object */ = {
			isa = PBXProject;
			attributes = {
				LastUpgradeCheck = 0800;
				ORGANIZATIONNAME = "Tuan-Vi Phan";
				TargetAttributes = {
					0C0B89421D90327100251B7C = {
						CreatedOnToolsVersion = 8.0;
						ProvisioningStyle = Automatic;
					};
					0C0B895B1D90327200251B7C = {
						CreatedOnToolsVersion = 8.0;
						ProvisioningStyle = Automatic;
						TestTargetID = 0C0B89421D90327100251B7C;
					};
					0C0B89661D90327300251B7C = {
						CreatedOnToolsVersion = 8.0;
						ProvisioningStyle = Automatic;
						TestTargetID = 0C0B89421D90327100251B7C;
					};
				};
			};
			buildConfigurationList = 0C0B893E1D90327100251B7C /* Build configuration list for PBXProject "FashionStoreObjC" */;
			compatibilityVersion = "Xcode 3.2";
			developmentRegion = English;
			hasScannedForEncodings = 0;
			knownRegions = (
				en,
				Base,
			);
			mainGroup = 0C0B893A1D90327100251B7C;
			productRefGroup = 0C0B89441D90327100251B7C /* Products */;
			projectDirPath = "";
			projectRoot = "";
			targets = (
				0C0B89421D90327100251B7C /* FashionStoreObjC */,
				0C0B895B1D90327200251B7C /* FashionStoreObjCTests */,
				0C0B89661D90327300251B7C /* FashionStoreObjCUITests */,
			);
		};
/* End PBXProject section */

/* Begin PBXResourcesBuildPhase section */
		0C0B89411D90327100251B7C /* Resources */ = {
			isa = PBXResourcesBuildPhase;
			buildActionMask = 2147483647;
			files = (
				0C0B89821D9049E500251B7C /* Lato-Light.ttf in Resources */,
				0C0B89831D9049E500251B7C /* Lato-Medium.ttf in Resources */,
				0C0B89561D90327200251B7C /* LaunchScreen.storyboard in Resources */,
				0C0B89801D9049E500251B7C /* Lato-Regular.ttf in Resources */,
				0C0B89531D90327200251B7C /* Assets.xcassets in Resources */,
				0C0B89811D9049E500251B7C /* Lato-Bold.ttf in Resources */,
			);
			runOnlyForDeploymentPostprocessing = 0;
		};
		0C0B895A1D90327200251B7C /* Resources */ = {
			isa = PBXResourcesBuildPhase;
			buildActionMask = 2147483647;
			files = (
			);
			runOnlyForDeploymentPostprocessing = 0;
		};
		0C0B89651D90327300251B7C /* Resources */ = {
			isa = PBXResourcesBuildPhase;
			buildActionMask = 2147483647;
			files = (
			);
			runOnlyForDeploymentPostprocessing = 0;
		};
/* End PBXResourcesBuildPhase section */

/* Begin PBXShellScriptBuildPhase section */
		09C08C1DABEDC651C48D64F3 /* [CP] Copy Pods Resources */ = {
			isa = PBXShellScriptBuildPhase;
			buildActionMask = 2147483647;
			files = (
			);
			inputPaths = (
			);
			name = "[CP] Copy Pods Resources";
			outputPaths = (
			);
			runOnlyForDeploymentPostprocessing = 0;
			shellPath = /bin/sh;
			shellScript = "\"${SRCROOT}/Pods/Target Support Files/Pods-FashionStoreObjCUITests/Pods-FashionStoreObjCUITests-resources.sh\"\n";
			showEnvVarsInLog = 0;
		};
		16B63D26E4ED93CC334EC23C /* [CP] Check Pods Manifest.lock */ = {
			isa = PBXShellScriptBuildPhase;
			buildActionMask = 2147483647;
			files = (
			);
			inputPaths = (
			);
			name = "[CP] Check Pods Manifest.lock";
			outputPaths = (
			);
			runOnlyForDeploymentPostprocessing = 0;
			shellPath = /bin/sh;
			shellScript = "diff \"${PODS_ROOT}/../Podfile.lock\" \"${PODS_ROOT}/Manifest.lock\" > /dev/null\nif [[ $? != 0 ]] ; then\n    cat << EOM\nerror: The sandbox is not in sync with the Podfile.lock. Run 'pod install' or update your CocoaPods installation.\nEOM\n    exit 1\nfi\n";
			showEnvVarsInLog = 0;
		};
		45AF706DB7E57534B094CB37 /* [CP] Embed Pods Frameworks */ = {
			isa = PBXShellScriptBuildPhase;
			buildActionMask = 2147483647;
			files = (
			);
			inputPaths = (
			);
			name = "[CP] Embed Pods Frameworks";
			outputPaths = (
			);
			runOnlyForDeploymentPostprocessing = 0;
			shellPath = /bin/sh;
			shellScript = "\"${SRCROOT}/Pods/Target Support Files/Pods-FashionStoreObjCTests/Pods-FashionStoreObjCTests-frameworks.sh\"\n";
			showEnvVarsInLog = 0;
		};
		48651A6EB17092D675A10C76 /* [CP] Copy Pods Resources */ = {
			isa = PBXShellScriptBuildPhase;
			buildActionMask = 2147483647;
			files = (
			);
			inputPaths = (
			);
			name = "[CP] Copy Pods Resources";
			outputPaths = (
			);
			runOnlyForDeploymentPostprocessing = 0;
			shellPath = /bin/sh;
			shellScript = "\"${SRCROOT}/Pods/Target Support Files/Pods-FashionStoreObjC/Pods-FashionStoreObjC-resources.sh\"\n";
			showEnvVarsInLog = 0;
		};
		69BCEF63DBA001B9E68092D0 /* [CP] Copy Pods Resources */ = {
			isa = PBXShellScriptBuildPhase;
			buildActionMask = 2147483647;
			files = (
			);
			inputPaths = (
			);
			name = "[CP] Copy Pods Resources";
			outputPaths = (
			);
			runOnlyForDeploymentPostprocessing = 0;
			shellPath = /bin/sh;
			shellScript = "\"${SRCROOT}/Pods/Target Support Files/Pods-FashionStoreObjCTests/Pods-FashionStoreObjCTests-resources.sh\"\n";
			showEnvVarsInLog = 0;
		};
		A3FBA9AC02E7799A7E92B945 /* [CP] Check Pods Manifest.lock */ = {
			isa = PBXShellScriptBuildPhase;
			buildActionMask = 2147483647;
			files = (
			);
			inputPaths = (
			);
			name = "[CP] Check Pods Manifest.lock";
			outputPaths = (
			);
			runOnlyForDeploymentPostprocessing = 0;
			shellPath = /bin/sh;
			shellScript = "diff \"${PODS_ROOT}/../Podfile.lock\" \"${PODS_ROOT}/Manifest.lock\" > /dev/null\nif [[ $? != 0 ]] ; then\n    cat << EOM\nerror: The sandbox is not in sync with the Podfile.lock. Run 'pod install' or update your CocoaPods installation.\nEOM\n    exit 1\nfi\n";
			showEnvVarsInLog = 0;
		};
		ADBE0044100ACCF32217B767 /* [CP] Check Pods Manifest.lock */ = {
			isa = PBXShellScriptBuildPhase;
			buildActionMask = 2147483647;
			files = (
			);
			inputPaths = (
			);
			name = "[CP] Check Pods Manifest.lock";
			outputPaths = (
			);
			runOnlyForDeploymentPostprocessing = 0;
			shellPath = /bin/sh;
			shellScript = "diff \"${PODS_ROOT}/../Podfile.lock\" \"${PODS_ROOT}/Manifest.lock\" > /dev/null\nif [[ $? != 0 ]] ; then\n    cat << EOM\nerror: The sandbox is not in sync with the Podfile.lock. Run 'pod install' or update your CocoaPods installation.\nEOM\n    exit 1\nfi\n";
			showEnvVarsInLog = 0;
		};
		E4958B21EEE43EB63405E538 /* [CP] Embed Pods Frameworks */ = {
			isa = PBXShellScriptBuildPhase;
			buildActionMask = 2147483647;
			files = (
			);
			inputPaths = (
			);
			name = "[CP] Embed Pods Frameworks";
			outputPaths = (
			);
			runOnlyForDeploymentPostprocessing = 0;
			shellPath = /bin/sh;
			shellScript = "\"${SRCROOT}/Pods/Target Support Files/Pods-FashionStoreObjC/Pods-FashionStoreObjC-frameworks.sh\"\n";
			showEnvVarsInLog = 0;
		};
/* End PBXShellScriptBuildPhase section */

/* Begin PBXSourcesBuildPhase section */
		0C0B893F1D90327100251B7C /* Sources */ = {
			isa = PBXSourcesBuildPhase;
			buildActionMask = 2147483647;
			files = (
				0C559E701D91906E00E8F2C0 /* LeftShopViewController.m in Sources */,
				0C3AD5471D9265FD00BEAA97 /* Product.m in Sources */,
				0C0B894E1D90327100251B7C /* SplashViewController.m in Sources */,
				0C0B894B1D90327100251B7C /* AppDelegate.m in Sources */,
				0C559E731D91908400E8F2C0 /* RightShopViewController.m in Sources */,
				0C0B89481D90327100251B7C /* main.m in Sources */,
				0C3AD5431D925C5200BEAA97 /* ShopCollectionViewCell.m in Sources */,
				0C7061A51D90D68C003B6D42 /* FeaturedViewController.m in Sources */,
				0C559E6B1D918D3F00E8F2C0 /* ShopViewController.m in Sources */,
				0C7061A81D90E383003B6D42 /* FeaturedTableViewCell.m in Sources */,
			);
			runOnlyForDeploymentPostprocessing = 0;
		};
		0C0B89581D90327200251B7C /* Sources */ = {
			isa = PBXSourcesBuildPhase;
			buildActionMask = 2147483647;
			files = (
				0C0B89611D90327200251B7C /* FashionStoreObjCTests.m in Sources */,
			);
			runOnlyForDeploymentPostprocessing = 0;
		};
		0C0B89631D90327300251B7C /* Sources */ = {
			isa = PBXSourcesBuildPhase;
			buildActionMask = 2147483647;
			files = (
				0C0B896C1D90327300251B7C /* FashionStoreObjCUITests.m in Sources */,
			);
			runOnlyForDeploymentPostprocessing = 0;
		};
/* End PBXSourcesBuildPhase section */

/* Begin PBXTargetDependency section */
		0C0B895E1D90327200251B7C /* PBXTargetDependency */ = {
			isa = PBXTargetDependency;
			target = 0C0B89421D90327100251B7C /* FashionStoreObjC */;
			targetProxy = 0C0B895D1D90327200251B7C /* PBXContainerItemProxy */;
		};
		0C0B89691D90327300251B7C /* PBXTargetDependency */ = {
			isa = PBXTargetDependency;
			target = 0C0B89421D90327100251B7C /* FashionStoreObjC */;
			targetProxy = 0C0B89681D90327300251B7C /* PBXContainerItemProxy */;
		};
/* End PBXTargetDependency section */

/* Begin PBXVariantGroup section */
		0C0B89541D90327200251B7C /* LaunchScreen.storyboard */ = {
			isa = PBXVariantGroup;
			children = (
				0C0B89551D90327200251B7C /* Base */,
			);
			name = LaunchScreen.storyboard;
			path = .;
			sourceTree = "<group>";
		};
/* End PBXVariantGroup section */

/* Begin XCBuildConfiguration section */
		0C0B896E1D90327300251B7C /* Debug */ = {
			isa = XCBuildConfiguration;
			buildSettings = {
				ALWAYS_SEARCH_USER_PATHS = NO;
				CLANG_ANALYZER_NONNULL = YES;
				CLANG_CXX_LANGUAGE_STANDARD = "gnu++0x";
				CLANG_CXX_LIBRARY = "libc++";
				CLANG_ENABLE_MODULES = YES;
				CLANG_ENABLE_OBJC_ARC = YES;
				CLANG_WARN_BOOL_CONVERSION = YES;
				CLANG_WARN_CONSTANT_CONVERSION = YES;
				CLANG_WARN_DIRECT_OBJC_ISA_USAGE = YES_ERROR;
				CLANG_WARN_DOCUMENTATION_COMMENTS = YES;
				CLANG_WARN_EMPTY_BODY = YES;
				CLANG_WARN_ENUM_CONVERSION = YES;
				CLANG_WARN_INFINITE_RECURSION = YES;
				CLANG_WARN_INT_CONVERSION = YES;
				CLANG_WARN_OBJC_ROOT_CLASS = YES_ERROR;
				CLANG_WARN_SUSPICIOUS_MOVE = YES;
				CLANG_WARN_SUSPICIOUS_MOVES = YES;
				CLANG_WARN_UNREACHABLE_CODE = YES;
				CLANG_WARN__DUPLICATE_METHOD_MATCH = YES;
				"CODE_SIGN_IDENTITY[sdk=iphoneos*]" = "iPhone Developer";
				COPY_PHASE_STRIP = NO;
				DEBUG_INFORMATION_FORMAT = dwarf;
				ENABLE_STRICT_OBJC_MSGSEND = YES;
				ENABLE_TESTABILITY = YES;
				GCC_C_LANGUAGE_STANDARD = gnu99;
				GCC_DYNAMIC_NO_PIC = NO;
				GCC_NO_COMMON_BLOCKS = YES;
				GCC_OPTIMIZATION_LEVEL = 0;
				GCC_PREPROCESSOR_DEFINITIONS = (
					"DEBUG=1",
					"$(inherited)",
				);
				GCC_WARN_64_TO_32_BIT_CONVERSION = YES;
				GCC_WARN_ABOUT_RETURN_TYPE = YES_ERROR;
				GCC_WARN_UNDECLARED_SELECTOR = YES;
				GCC_WARN_UNINITIALIZED_AUTOS = YES_AGGRESSIVE;
				GCC_WARN_UNUSED_FUNCTION = YES;
				GCC_WARN_UNUSED_VARIABLE = YES;
				IPHONEOS_DEPLOYMENT_TARGET = 8.0;
				MTL_ENABLE_DEBUG_INFO = YES;
				ONLY_ACTIVE_ARCH = YES;
				SDKROOT = iphoneos;
			};
			name = Debug;
		};
		0C0B896F1D90327300251B7C /* Release */ = {
			isa = XCBuildConfiguration;
			buildSettings = {
				ALWAYS_SEARCH_USER_PATHS = NO;
				CLANG_ANALYZER_NONNULL = YES;
				CLANG_CXX_LANGUAGE_STANDARD = "gnu++0x";
				CLANG_CXX_LIBRARY = "libc++";
				CLANG_ENABLE_MODULES = YES;
				CLANG_ENABLE_OBJC_ARC = YES;
				CLANG_WARN_BOOL_CONVERSION = YES;
				CLANG_WARN_CONSTANT_CONVERSION = YES;
				CLANG_WARN_DIRECT_OBJC_ISA_USAGE = YES_ERROR;
				CLANG_WARN_DOCUMENTATION_COMMENTS = YES;
				CLANG_WARN_EMPTY_BODY = YES;
				CLANG_WARN_ENUM_CONVERSION = YES;
				CLANG_WARN_INFINITE_RECURSION = YES;
				CLANG_WARN_INT_CONVERSION = YES;
				CLANG_WARN_OBJC_ROOT_CLASS = YES_ERROR;
				CLANG_WARN_SUSPICIOUS_MOVE = YES;
				CLANG_WARN_SUSPICIOUS_MOVES = YES;
				CLANG_WARN_UNREACHABLE_CODE = YES;
				CLANG_WARN__DUPLICATE_METHOD_MATCH = YES;
				"CODE_SIGN_IDENTITY[sdk=iphoneos*]" = "iPhone Developer";
				COPY_PHASE_STRIP = NO;
				DEBUG_INFORMATION_FORMAT = "dwarf-with-dsym";
				ENABLE_NS_ASSERTIONS = NO;
				ENABLE_STRICT_OBJC_MSGSEND = YES;
				GCC_C_LANGUAGE_STANDARD = gnu99;
				GCC_NO_COMMON_BLOCKS = YES;
				GCC_WARN_64_TO_32_BIT_CONVERSION = YES;
				GCC_WARN_ABOUT_RETURN_TYPE = YES_ERROR;
				GCC_WARN_UNDECLARED_SELECTOR = YES;
				GCC_WARN_UNINITIALIZED_AUTOS = YES_AGGRESSIVE;
				GCC_WARN_UNUSED_FUNCTION = YES;
				GCC_WARN_UNUSED_VARIABLE = YES;
				IPHONEOS_DEPLOYMENT_TARGET = 8.0;
				MTL_ENABLE_DEBUG_INFO = NO;
				SDKROOT = iphoneos;
				VALIDATE_PRODUCT = YES;
			};
			name = Release;
		};
		0C0B89711D90327300251B7C /* Debug */ = {
			isa = XCBuildConfiguration;
			baseConfigurationReference = C632C8D191819C5D1E1E1D9F /* Pods-FashionStoreObjC.debug.xcconfig */;
			buildSettings = {
				ASSETCATALOG_COMPILER_APPICON_NAME = AppIcon;
				INFOPLIST_FILE = "FashionStoreObjC/Supporting Files/Info.plist";
				LD_RUNPATH_SEARCH_PATHS = "$(inherited) @executable_path/Frameworks";
				PRODUCT_BUNDLE_IDENTIFIER = com.tuanvi.FashionStoreObjC;
				PRODUCT_NAME = "$(TARGET_NAME)";
			};
			name = Debug;
		};
		0C0B89721D90327300251B7C /* Release */ = {
			isa = XCBuildConfiguration;
			baseConfigurationReference = 9FBEFBB51D9EECC3AF5F8305 /* Pods-FashionStoreObjC.release.xcconfig */;
			buildSettings = {
				ASSETCATALOG_COMPILER_APPICON_NAME = AppIcon;
				INFOPLIST_FILE = "FashionStoreObjC/Supporting Files/Info.plist";
				LD_RUNPATH_SEARCH_PATHS = "$(inherited) @executable_path/Frameworks";
				PRODUCT_BUNDLE_IDENTIFIER = com.tuanvi.FashionStoreObjC;
				PRODUCT_NAME = "$(TARGET_NAME)";
			};
			name = Release;
		};
		0C0B89741D90327300251B7C /* Debug */ = {
			isa = XCBuildConfiguration;
			baseConfigurationReference = 9D0A30E82385361891270469 /* Pods-FashionStoreObjCTests.debug.xcconfig */;
			buildSettings = {
				BUNDLE_LOADER = "$(TEST_HOST)";
				INFOPLIST_FILE = FashionStoreObjCTests/Info.plist;
				LD_RUNPATH_SEARCH_PATHS = "$(inherited) @executable_path/Frameworks @loader_path/Frameworks";
				PRODUCT_BUNDLE_IDENTIFIER = com.tuanvi.FashionStoreObjCTests;
				PRODUCT_NAME = "$(TARGET_NAME)";
				TEST_HOST = "$(BUILT_PRODUCTS_DIR)/FashionStoreObjC.app/FashionStoreObjC";
			};
			name = Debug;
		};
		0C0B89751D90327300251B7C /* Release */ = {
			isa = XCBuildConfiguration;
			baseConfigurationReference = 1E87208712A8FBBD80DC8572 /* Pods-FashionStoreObjCTests.release.xcconfig */;
			buildSettings = {
				BUNDLE_LOADER = "$(TEST_HOST)";
				INFOPLIST_FILE = FashionStoreObjCTests/Info.plist;
				LD_RUNPATH_SEARCH_PATHS = "$(inherited) @executable_path/Frameworks @loader_path/Frameworks";
				PRODUCT_BUNDLE_IDENTIFIER = com.tuanvi.FashionStoreObjCTests;
				PRODUCT_NAME = "$(TARGET_NAME)";
				TEST_HOST = "$(BUILT_PRODUCTS_DIR)/FashionStoreObjC.app/FashionStoreObjC";
			};
			name = Release;
		};
		0C0B89771D90327300251B7C /* Debug */ = {
			isa = XCBuildConfiguration;
			baseConfigurationReference = 192A5A92E337F1EC2DB9F4F0 /* Pods-FashionStoreObjCUITests.debug.xcconfig */;
			buildSettings = {
				INFOPLIST_FILE = FashionStoreObjCUITests/Info.plist;
				LD_RUNPATH_SEARCH_PATHS = "$(inherited) @executable_path/Frameworks @loader_path/Frameworks";
				PRODUCT_BUNDLE_IDENTIFIER = com.tuanvi.FashionStoreObjCUITests;
				PRODUCT_NAME = "$(TARGET_NAME)";
				TEST_TARGET_NAME = FashionStoreObjC;
			};
			name = Debug;
		};
		0C0B89781D90327300251B7C /* Release */ = {
			isa = XCBuildConfiguration;
			baseConfigurationReference = 5BA7E6BB2BD6DFBBBA7137B4 /* Pods-FashionStoreObjCUITests.release.xcconfig */;
			buildSettings = {
				INFOPLIST_FILE = FashionStoreObjCUITests/Info.plist;
				LD_RUNPATH_SEARCH_PATHS = "$(inherited) @executable_path/Frameworks @loader_path/Frameworks";
				PRODUCT_BUNDLE_IDENTIFIER = com.tuanvi.FashionStoreObjCUITests;
				PRODUCT_NAME = "$(TARGET_NAME)";
				TEST_TARGET_NAME = FashionStoreObjC;
			};
			name = Release;
		};
/* End XCBuildConfiguration section */

/* Begin XCConfigurationList section */
		0C0B893E1D90327100251B7C /* Build configuration list for PBXProject "FashionStoreObjC" */ = {
			isa = XCConfigurationList;
			buildConfigurations = (
				0C0B896E1D90327300251B7C /* Debug */,
				0C0B896F1D90327300251B7C /* Release */,
			);
			defaultConfigurationIsVisible = 0;
			defaultConfigurationName = Release;
		};
		0C0B89701D90327300251B7C /* Build configuration list for PBXNativeTarget "FashionStoreObjC" */ = {
			isa = XCConfigurationList;
			buildConfigurations = (
				0C0B89711D90327300251B7C /* Debug */,
				0C0B89721D90327300251B7C /* Release */,
			);
			defaultConfigurationIsVisible = 0;
			defaultConfigurationName = Release;
		};
		0C0B89731D90327300251B7C /* Build configuration list for PBXNativeTarget "FashionStoreObjCTests" */ = {
			isa = XCConfigurationList;
			buildConfigurations = (
				0C0B89741D90327300251B7C /* Debug */,
				0C0B89751D90327300251B7C /* Release */,
			);
			defaultConfigurationIsVisible = 0;
			defaultConfigurationName = Release;
		};
		0C0B89761D90327300251B7C /* Build configuration list for PBXNativeTarget "FashionStoreObjCUITests" */ = {
			isa = XCConfigurationList;
			buildConfigurations = (
				0C0B89771D90327300251B7C /* Debug */,
				0C0B89781D90327300251B7C /* Release */,
			);
			defaultConfigurationIsVisible = 0;
			defaultConfigurationName = Release;
		};
/* End XCConfigurationList section */
	};
	rootObject = 0C0B893B1D90327100251B7C /* Project object */;
}
